
Microsoft Visual Studio Solution File, Format Version 12.00
# Visual Studio 15
VisualStudioVersion = 15.0.28307.438
MinimumVisualStudioVersion = 10.0.40219.1
Project("{FAE04EC0-301F-11D3-BF4B-00C04F79EFBC}") = "WareHouse.UI", "WareHouse.UI\WareHouse.UI.csproj", "{45953AC0-0393-4C91-8469-737E1F9273AD}"
EndProject
Project("{FAE04EC0-301F-11D3-BF4B-00C04F79EFBC}") = "WareHouse.Model", "WareHouse.Model\WareHouse.Model.csproj", "{3E881AFE-AC4E-429E-99FA-183983F33792}"
EndProject
Project("{FAE04EC0-301F-11D3-BF4B-00C04F79EFBC}") = "WareHouse.DAL", "WareHouse.DAL\WareHouse.DAL.csproj", "{ED806D10-AC17-4D32-83E4-501E5AE163D3}"
EndProject
Global
	GlobalSection(SolutionConfigurationPlatforms) = preSolution
		Debug|Any CPU = Debug|Any CPU
		Release|Any CPU = Release|Any CPU
	EndGlobalSection
	GlobalSection(ProjectConfigurationPlatforms) = postSolution
		{45953AC0-0393-4C91-8469-737E1F9273AD}.Debug|Any CPU.ActiveCfg = Debug|Any CPU
		{45953AC0-0393-4C91-8469-737E1F9273AD}.Debug|Any CPU.Build.0 = Debug|Any CPU
		{45953AC0-0393-4C91-8469-737E1F9273AD}.Release|Any CPU.ActiveCfg = Release|Any CPU
		{45953AC0-0393-4C91-8469-737E1F9273AD}.Release|Any CPU.Build.0 = Release|Any CPU
		{3E881AFE-AC4E-429E-99FA-183983F33792}.Debug|Any CPU.ActiveCfg = Debug|Any CPU
		{3E881AFE-AC4E-429E-99FA-183983F33792}.Debug|Any CPU.Build.0 = Debug|Any CPU
		{3E881AFE-AC4E-429E-99FA-183983F33792}.Release|Any CPU.ActiveCfg = Release|Any CPU
		{3E881AFE-AC4E-429E-99FA-183983F33792}.Release|Any CPU.Build.0 = Release|Any CPU
		{ED806D10-AC17-4D32-83E4-501E5AE163D3}.Debug|Any CPU.ActiveCfg = Debug|Any CPU
		{ED806D10-AC17-4D32-83E4-501E5AE163D3}.Debug|Any CPU.Build.0 = Debug|Any CPU
		{ED806D10-AC17-4D32-83E4-501E5AE163D3}.Release|Any CPU.ActiveCfg = Release|Any CPU
		{ED806D10-AC17-4D32-83E4-501E5AE163D3}.Release|Any CPU.Build.0 = Release|Any CPU
	EndGlobalSection
	GlobalSection(SolutionProperties) = preSolution
		HideSolutionNode = FALSE
	EndGlobalSection
	GlobalSection(ExtensibilityGlobals) = postSolution
		SolutionGuid = {5E118BCB-9241-4AF4-8E9E-52DD93C4CAD2}
	EndGlobalSection
EndGlobal
